
Microsoft Visual Studio Solution File, Format Version 12.00
# Visual Studio 15
VisualStudioVersion = 15.0.28307.271
MinimumVisualStudioVersion = 10.0.40219.1
Project("{FAE04EC0-301F-11D3-BF4B-00C04F79EFBC}") = "online job", "online job\online job.csproj", "{936D5761-058B-46F9-AC25-4E4AEB82DF03}"
EndProject
Global
	GlobalSection(SolutionConfigurationPlatforms) = preSolution
		Debug|Any CPU = Debug|Any CPU
		Release|Any CPU = Release|Any CPU
	EndGlobalSection
	GlobalSection(ProjectConfigurationPlatforms) = postSolution
		{936D5761-058B-46F9-AC25-4E4AEB82DF03}.Debug|Any CPU.ActiveCfg = Debug|Any CPU
		{936D5761-058B-46F9-AC25-4E4AEB82DF03}.Debug|Any CPU.Build.0 = Debug|Any CPU
		{936D5761-058B-46F9-AC25-4E4AEB82DF03}.Release|Any CPU.ActiveCfg = Release|Any CPU
		{936D5761-058B-46F9-AC25-4E4AEB82DF03}.Release|Any CPU.Build.0 = Release|Any CPU
	EndGlobalSection
	GlobalSection(SolutionProperties) = preSolution
		HideSolutionNode = FALSE
	EndGlobalSection
	GlobalSection(ExtensibilityGlobals) = postSolution
		SolutionGuid = {9FDA250F-CBC4-45CB-9B3C-CF43B1231830}
	EndGlobalSection
EndGlobal
